<?xml version="1.0" encoding="utf-8"?>
<Project ToolsVersion="4.0" xmlns="http://schemas.microsoft.com/developer/msbuild/2003">
  <ItemGroup>
    <ClCompile Include="Entity.cpp">
      <Filter>Source Files</Filter>
    </ClCompile>
    <ClCompile Include="EntityLiving.cpp">
      <Filter>Source Files</Filter>
    </ClCompile>
    <ClCompile Include="EntityMinion.cpp">
      <Filter>Source Files</Filter>
    </ClCompile>
    <ClCompile Include="EntityPlayer.cpp">
      <Filter>Source Files</Filter>
    </ClCompile>
    <ClCompile Include="EntityStatic.cpp">
      <Filter>Source Files</Filter>
    </ClCompile>
    <ClCompile Include="Game.cpp">
      <Filter>Source Files</Filter>
    </ClCompile>
    <ClCompile Include="GamePlayState.cpp">
      <Filter>Source Files</Filter>
    </ClCompile>
    <ClCompile Include="GameWelcomeState.cpp">
      <Filter>Source Files</Filter>
    </ClCompile>
    <ClCompile Include="MainMenuState.cpp">
      <Filter>Source Files</Filter>
    </ClCompile>
    <ClCompile Include="main.cpp">
      <Filter>Source Files</Filter>
    </ClCompile>
    <ClCompile Include="MinionOwnedStates.cpp">
      <Filter>Source Files</Filter>
    </ClCompile>
    <ClCompile Include="PhysicsManager.cpp">
      <Filter>Source Files</Filter>
    </ClCompile>
    <ClCompile Include="PlayerOwnedStates.cpp">
      <Filter>Source Files</Filter>
    </ClCompile>
    <ClCompile Include="MessageDispatcher.cpp">
      <Filter>Source Files</Filter>
    </ClCompile>
    <ClCompile Include="SteeringBehavior.cpp">
      <Filter>Source Files</Filter>
    </ClCompile>
    <ClCompile Include="Telegram.cpp">
      <Filter>Source Files</Filter>
    </ClCompile>
    <ClCompile Include="ContactListener.cpp">
      <Filter>Source Files</Filter>
    </ClCompile>
    <ClCompile Include="CrudeTimer.cpp">
      <Filter>Source Files</Filter>
    </ClCompile>
    <ClCompile Include="FactoryEntity.cpp">
      <Filter>Source Files</Filter>
    </ClCompile>
  </ItemGroup>
  <ItemGroup>
    <ClInclude Include="Entity.h">
      <Filter>Header Files</Filter>
    </ClInclude>
    <ClInclude Include="EntityLiving.h">
      <Filter>Header Files</Filter>
    </ClInclude>
    <ClInclude Include="EntityMinion.h">
      <Filter>Header Files</Filter>
    </ClInclude>
    <ClInclude Include="EntityPlayer.h">
      <Filter>Header Files</Filter>
    </ClInclude>
    <ClInclude Include="EntityStatic.h">
      <Filter>Header Files</Filter>
    </ClInclude>
    <ClInclude Include="Game.h">
      <Filter>Header Files</Filter>
    </ClInclude>
    <ClInclude Include="GamePlayState.h">
      <Filter>Header Files</Filter>
    </ClInclude>
    <ClInclude Include="GameWelcomeState.h">
      <Filter>Header Files</Filter>
    </ClInclude>
    <ClInclude Include="MainMenuState.h">
      <Filter>Header Files</Filter>
    </ClInclude>
    <ClInclude Include="MinionOwnedStates.h">
      <Filter>Header Files</Filter>
    </ClInclude>
    <ClInclude Include="PhysicsManager.h">
      <Filter>Header Files</Filter>
    </ClInclude>
    <ClInclude Include="PlayerOwnedStates.h">
      <Filter>Header Files</Filter>
    </ClInclude>
    <ClInclude Include="MessageTypes.h">
      <Filter>Header Files</Filter>
    </ClInclude>
    <ClInclude Include="MessageDispatcher.h">
      <Filter>Header Files</Filter>
    </ClInclude>
    <ClInclude Include="SteeringBehavior.h">
      <Filter>Header Files</Filter>
    </ClInclude>
    <ClInclude Include="Telegram.h">
      <Filter>Header Files</Filter>
    </ClInclude>
    <ClInclude Include="ContactListener.h">
      <Filter>Source Files</Filter>
    </ClInclude>
    <ClInclude Include="CrudeTimer.h">
      <Filter>Header Files</Filter>
    </ClInclude>
    <ClInclude Include="EntityTypes.h">
      <Filter>Header Files</Filter>
    </ClInclude>
    <ClInclude Include="Pool.h">
      <Filter>Header Files</Filter>
    </ClInclude>
    <ClInclude Include="FactoryEntity.h">
    <ClInclude Include="SingletonClasses.h">
      <Filter>Header Files</Filter>
    </ClInclude>
  </ItemGroup>
  <ItemGroup>
    <None Include="..\Resources\Data\AM.json">
      <Filter>Resource Files</Filter>
    </None>
    <None Include="..\Resources\Data\FM.json">
      <Filter>Resource Files</Filter>
    </None>
    <None Include="..\Resources\Data\GamePlayState.json">
      <Filter>Resource Files</Filter>
    </None>
    <None Include="..\Resources\Data\MainMenuState.json">
      <Filter>Resource Files</Filter>
    </None>
    <None Include="..\Resources\Data\RM.json">
      <Filter>Resource Files</Filter>
    </None>
  </ItemGroup>
  <ItemGroup>
    <Text Include="..\Resources\Data\RM.txt">
      <Filter>Resource Files</Filter>
    </Text>
    <Text Include="..\Resources\Data\SM.txt">
      <Filter>Resource Files</Filter>
    </Text>
  </ItemGroup>
  <ItemGroup>
    <Filter Include="Header Files">
      <UniqueIdentifier>{8d73280f-ae83-4e4c-8a4a-e4380a82f144}</UniqueIdentifier>
      <Extensions>h;hpp;hxx;hm;inl;inc;xsd</Extensions>
    </Filter>
    <Filter Include="Source Files">
      <UniqueIdentifier>{c3952bb8-a9a3-41ef-ab84-ff34ecbe3baa}</UniqueIdentifier>
      <Extensions>cpp;c;cc;cxx;def;odl;idl;hpj;bat;asm;asmx</Extensions>
    </Filter>
    <Filter Include="Resource Files">
      <UniqueIdentifier>{7be21b2a-6565-4560-a992-9b205996bb85}</UniqueIdentifier>
    </Filter>
  </ItemGroup>
</Project>